
Microsoft Visual Studio Solution File, Format Version 12.00
# Visual Studio Version 17
VisualStudioVersion = 17.3.32825.248
MinimumVisualStudioVersion = 10.0.40219.1
Project("{FAE04EC0-301F-11D3-BF4B-00C04F79EFBC}") = "WebApplicationGitNew", "WebApplicationGitNew\WebApplicationGitNew.csproj", "{3345D8FC-3363-4CF7-9EC0-036AA9326690}"
EndProject
Global
	GlobalSection(SolutionConfigurationPlatforms) = preSolution
		Debug|Any CPU = Debug|Any CPU
		Release|Any CPU = Release|Any CPU
	EndGlobalSection
	GlobalSection(ProjectConfigurationPlatforms) = postSolution
		{3345D8FC-3363-4CF7-9EC0-036AA9326690}.Debug|Any CPU.ActiveCfg = Debug|Any CPU
		{3345D8FC-3363-4CF7-9EC0-036AA9326690}.Debug|Any CPU.Build.0 = Debug|Any CPU
		{3345D8FC-3363-4CF7-9EC0-036AA9326690}.Release|Any CPU.ActiveCfg = Release|Any CPU
		{3345D8FC-3363-4CF7-9EC0-036AA9326690}.Release|Any CPU.Build.0 = Release|Any CPU
	EndGlobalSection
	GlobalSection(SolutionProperties) = preSolution
		HideSolutionNode = FALSE
	EndGlobalSection
	GlobalSection(ExtensibilityGlobals) = postSolution
		SolutionGuid = {6367B312-B3AE-47EA-A2F3-C437ED6EF387}
	EndGlobalSection
EndGlobal
